
Microsoft Visual Studio Solution File, Format Version 12.00
# Blend for Visual Studio 14
VisualStudioVersion = 14.0.22310.1
MinimumVisualStudioVersion = 10.0.40219.1
Project("{FAE04EC0-301F-11D3-BF4B-00C04F79EFBC}") = "DepthImageStream_3", "DepthImageStream_3\DepthImageStream_3.csproj", "{3A4C9F1F-D35C-4113-B104-84B5DDBA4713}"
EndProject
Global
	GlobalSection(SolutionConfigurationPlatforms) = preSolution
		Debug|Any CPU = Debug|Any CPU
		Release|Any CPU = Release|Any CPU
	EndGlobalSection
	GlobalSection(ProjectConfigurationPlatforms) = postSolution
		{3A4C9F1F-D35C-4113-B104-84B5DDBA4713}.Debug|Any CPU.ActiveCfg = Debug|Any CPU
		{3A4C9F1F-D35C-4113-B104-84B5DDBA4713}.Debug|Any CPU.Build.0 = Debug|Any CPU
		{3A4C9F1F-D35C-4113-B104-84B5DDBA4713}.Release|Any CPU.ActiveCfg = Release|Any CPU
		{3A4C9F1F-D35C-4113-B104-84B5DDBA4713}.Release|Any CPU.Build.0 = Release|Any CPU
	EndGlobalSection
	GlobalSection(SolutionProperties) = preSolution
		HideSolutionNode = FALSE
	EndGlobalSection
EndGlobal
