
Microsoft Visual Studio Solution File, Format Version 12.00
# Blend for Visual Studio 14
VisualStudioVersion = 14.0.22310.1
MinimumVisualStudioVersion = 10.0.40219.1
Project("{FAE04EC0-301F-11D3-BF4B-00C04F79EFBC}") = "Mouse_Control_2", "Mouse_Control_2\Mouse_Control_2.csproj", "{28F8A154-FD59-4E45-8BED-E93A3D220A6E}"
EndProject
Global
	GlobalSection(SolutionConfigurationPlatforms) = preSolution
		Debug|Any CPU = Debug|Any CPU
		Release|Any CPU = Release|Any CPU
	EndGlobalSection
	GlobalSection(ProjectConfigurationPlatforms) = postSolution
		{28F8A154-FD59-4E45-8BED-E93A3D220A6E}.Debug|Any CPU.ActiveCfg = Debug|Any CPU
		{28F8A154-FD59-4E45-8BED-E93A3D220A6E}.Debug|Any CPU.Build.0 = Debug|Any CPU
		{28F8A154-FD59-4E45-8BED-E93A3D220A6E}.Release|Any CPU.ActiveCfg = Release|Any CPU
		{28F8A154-FD59-4E45-8BED-E93A3D220A6E}.Release|Any CPU.Build.0 = Release|Any CPU
	EndGlobalSection
	GlobalSection(SolutionProperties) = preSolution
		HideSolutionNode = FALSE
	EndGlobalSection
EndGlobal
